
Microsoft Visual Studio Solution File, Format Version 12.00
# Visual Studio Version 17
VisualStudioVersion = 17.12.35527.113 d17.12
MinimumVisualStudioVersion = 10.0.40219.1
Project("{FAE04EC0-301F-11D3-BF4B-00C04F79EFBC}") = "Pelanggaran.Domain", "Pelanggaran.Domain\Pelanggaran.Domain.csproj", "{77ADE7B8-FFAF-4E07-8B44-FB2D6DE423B2}"
EndProject
Project("{FAE04EC0-301F-11D3-BF4B-00C04F79EFBC}") = "Pelanggaran.Application", "Pelanggaran.Application\Pelanggaran.Application.csproj", "{B21B1A41-A637-4CFE-8E83-5B977FF39736}"
EndProject
Project("{FAE04EC0-301F-11D3-BF4B-00C04F79EFBC}") = "Pelanggaran.Infrastructure", "Pelanggaran.Infrastructure\Pelanggaran.Infrastructure.csproj", "{F66287AB-FCE6-4FFE-9EFA-35040BE17D44}"
EndProject
Project("{FAE04EC0-301F-11D3-BF4B-00C04F79EFBC}") = "Pelanggaran.API", "Pelanggaran.API\Pelanggaran.API.csproj", "{A74F9F17-7DC9-4803-B8B8-8D3C0418272F}"
EndProject
Global
	GlobalSection(SolutionConfigurationPlatforms) = preSolution
		Debug|Any CPU = Debug|Any CPU
		Release|Any CPU = Release|Any CPU
	EndGlobalSection
	GlobalSection(ProjectConfigurationPlatforms) = postSolution
		{77ADE7B8-FFAF-4E07-8B44-FB2D6DE423B2}.Debug|Any CPU.ActiveCfg = Debug|Any CPU
		{77ADE7B8-FFAF-4E07-8B44-FB2D6DE423B2}.Debug|Any CPU.Build.0 = Debug|Any CPU
		{77ADE7B8-FFAF-4E07-8B44-FB2D6DE423B2}.Release|Any CPU.ActiveCfg = Release|Any CPU
		{77ADE7B8-FFAF-4E07-8B44-FB2D6DE423B2}.Release|Any CPU.Build.0 = Release|Any CPU
		{B21B1A41-A637-4CFE-8E83-5B977FF39736}.Debug|Any CPU.ActiveCfg = Debug|Any CPU
		{B21B1A41-A637-4CFE-8E83-5B977FF39736}.Debug|Any CPU.Build.0 = Debug|Any CPU
		{B21B1A41-A637-4CFE-8E83-5B977FF39736}.Release|Any CPU.ActiveCfg = Release|Any CPU
		{B21B1A41-A637-4CFE-8E83-5B977FF39736}.Release|Any CPU.Build.0 = Release|Any CPU
		{F66287AB-FCE6-4FFE-9EFA-35040BE17D44}.Debug|Any CPU.ActiveCfg = Debug|Any CPU
		{F66287AB-FCE6-4FFE-9EFA-35040BE17D44}.Debug|Any CPU.Build.0 = Debug|Any CPU
		{F66287AB-FCE6-4FFE-9EFA-35040BE17D44}.Release|Any CPU.ActiveCfg = Release|Any CPU
		{F66287AB-FCE6-4FFE-9EFA-35040BE17D44}.Release|Any CPU.Build.0 = Release|Any CPU
		{A74F9F17-7DC9-4803-B8B8-8D3C0418272F}.Debug|Any CPU.ActiveCfg = Debug|Any CPU
		{A74F9F17-7DC9-4803-B8B8-8D3C0418272F}.Debug|Any CPU.Build.0 = Debug|Any CPU
		{A74F9F17-7DC9-4803-B8B8-8D3C0418272F}.Release|Any CPU.ActiveCfg = Release|Any CPU
		{A74F9F17-7DC9-4803-B8B8-8D3C0418272F}.Release|Any CPU.Build.0 = Release|Any CPU
	EndGlobalSection
	GlobalSection(SolutionProperties) = preSolution
		HideSolutionNode = FALSE
	EndGlobalSection
EndGlobal
